
Microsoft Visual Studio Solution File, Format Version 12.00
# Visual Studio Version 17
VisualStudioVersion = 17.2.32516.85
MinimumVisualStudioVersion = 10.0.40219.1
Project("{FAE04EC0-301F-11D3-BF4B-00C04F79EFBC}") = "Layout", "Layout\Layout.csproj", "{4A381D35-EA1F-4F2E-A1FA-A9B4FB1D23F6}"
EndProject
Global
	GlobalSection(SolutionConfigurationPlatforms) = preSolution
		Debug|Any CPU = Debug|Any CPU
		Release|Any CPU = Release|Any CPU
	EndGlobalSection
	GlobalSection(ProjectConfigurationPlatforms) = postSolution
		{4A381D35-EA1F-4F2E-A1FA-A9B4FB1D23F6}.Debug|Any CPU.ActiveCfg = Debug|Any CPU
		{4A381D35-EA1F-4F2E-A1FA-A9B4FB1D23F6}.Debug|Any CPU.Build.0 = Debug|Any CPU
		{4A381D35-EA1F-4F2E-A1FA-A9B4FB1D23F6}.Release|Any CPU.ActiveCfg = Release|Any CPU
		{4A381D35-EA1F-4F2E-A1FA-A9B4FB1D23F6}.Release|Any CPU.Build.0 = Release|Any CPU
	EndGlobalSection
	GlobalSection(SolutionProperties) = preSolution
		HideSolutionNode = FALSE
	EndGlobalSection
	GlobalSection(ExtensibilityGlobals) = postSolution
		SolutionGuid = {F8265D4E-C662-4CD7-B83D-1671C9E1DE42}
	EndGlobalSection
EndGlobal
